
Microsoft Visual Studio Solution File, Format Version 12.00
# Visual Studio Version 17
VisualStudioVersion = 17.9.34728.123
MinimumVisualStudioVersion = 10.0.40219.1
Project("{9A19103F-16F7-4668-BE54-9A1E7A4F7556}") = "BCBlog", "BCBlog\BCBlog.csproj", "{24E002D8-41F8-434E-8511-5A729410A41C}"
EndProject
Project("{9A19103F-16F7-4668-BE54-9A1E7A4F7556}") = "BCBlog.Client", "BCBlog.Client\BCBlog.Client.csproj", "{3ABB6793-2720-4A65-9480-6D37D6247AD9}"
EndProject
Global
	GlobalSection(SolutionConfigurationPlatforms) = preSolution
		Debug|Any CPU = Debug|Any CPU
		Release|Any CPU = Release|Any CPU
	EndGlobalSection
	GlobalSection(ProjectConfigurationPlatforms) = postSolution
		{24E002D8-41F8-434E-8511-5A729410A41C}.Debug|Any CPU.ActiveCfg = Debug|Any CPU
		{24E002D8-41F8-434E-8511-5A729410A41C}.Debug|Any CPU.Build.0 = Debug|Any CPU
		{24E002D8-41F8-434E-8511-5A729410A41C}.Release|Any CPU.ActiveCfg = Release|Any CPU
		{24E002D8-41F8-434E-8511-5A729410A41C}.Release|Any CPU.Build.0 = Release|Any CPU
		{3ABB6793-2720-4A65-9480-6D37D6247AD9}.Debug|Any CPU.ActiveCfg = Debug|Any CPU
		{3ABB6793-2720-4A65-9480-6D37D6247AD9}.Debug|Any CPU.Build.0 = Debug|Any CPU
		{3ABB6793-2720-4A65-9480-6D37D6247AD9}.Release|Any CPU.ActiveCfg = Release|Any CPU
		{3ABB6793-2720-4A65-9480-6D37D6247AD9}.Release|Any CPU.Build.0 = Release|Any CPU
	EndGlobalSection
	GlobalSection(SolutionProperties) = preSolution
		HideSolutionNode = FALSE
	EndGlobalSection
	GlobalSection(ExtensibilityGlobals) = postSolution
		SolutionGuid = {02EE9B14-6AAF-4A2E-B610-051C32ED7C0F}
	EndGlobalSection
EndGlobal
